
Microsoft Visual Studio Solution File, Format Version 12.00
# Visual Studio Version 17
VisualStudioVersion = 17.9.34607.119
MinimumVisualStudioVersion = 10.0.40219.1
Project("{FAE04EC0-301F-11D3-BF4B-00C04F79EFBC}") = "Pontos Calculo LoL", "Pontos Calculo LoL.csproj", "{F449319E-4722-4B0B-B42D-771449B34D9D}"
EndProject
Global
	GlobalSection(SolutionConfigurationPlatforms) = preSolution
		Debug|Any CPU = Debug|Any CPU
		Release|Any CPU = Release|Any CPU
	EndGlobalSection
	GlobalSection(ProjectConfigurationPlatforms) = postSolution
		{F449319E-4722-4B0B-B42D-771449B34D9D}.Debug|Any CPU.ActiveCfg = Debug|Any CPU
		{F449319E-4722-4B0B-B42D-771449B34D9D}.Debug|Any CPU.Build.0 = Debug|Any CPU
		{F449319E-4722-4B0B-B42D-771449B34D9D}.Release|Any CPU.ActiveCfg = Release|Any CPU
		{F449319E-4722-4B0B-B42D-771449B34D9D}.Release|Any CPU.Build.0 = Release|Any CPU
	EndGlobalSection
	GlobalSection(SolutionProperties) = preSolution
		HideSolutionNode = FALSE
	EndGlobalSection
	GlobalSection(ExtensibilityGlobals) = postSolution
		SolutionGuid = {D5EC6759-DB93-4936-B45D-8681EE9748AA}
	EndGlobalSection
EndGlobal
